
Microsoft Visual Studio Solution File, Format Version 12.00
# Visual Studio Version 17
VisualStudioVersion = 17.11.35219.272
MinimumVisualStudioVersion = 10.0.40219.1
Project("{9A19103F-16F7-4668-BE54-9A1E7A4F7556}") = "LibraryManagementSystem", "LibraryManagementSystem\LibraryManagementSystem.csproj", "{DFD99809-CCE9-419B-80CF-BE3A376C3622}"
EndProject
Project("{9A19103F-16F7-4668-BE54-9A1E7A4F7556}") = "LibraryManagementSystem.CommonKernel", "LibraryManagementSystem.CommonKernel\LibraryManagementSystem.CommonKernel.csproj", "{8F6133EE-0235-4EF6-8710-3FE4F53B9CD1}"
EndProject
Project("{FAE04EC0-301F-11D3-BF4B-00C04F79EFBC}") = "LibraryManagementSystem.Background", "LibraryManagementSystem.Background\LibraryManagementSystem.Background.csproj", "{293692BC-6F81-4070-AF07-2134AEB37BB8}"
EndProject
Global
	GlobalSection(SolutionConfigurationPlatforms) = preSolution
		Debug|Any CPU = Debug|Any CPU
		Release|Any CPU = Release|Any CPU
	EndGlobalSection
	GlobalSection(ProjectConfigurationPlatforms) = postSolution
		{DFD99809-CCE9-419B-80CF-BE3A376C3622}.Debug|Any CPU.ActiveCfg = Debug|Any CPU
		{DFD99809-CCE9-419B-80CF-BE3A376C3622}.Debug|Any CPU.Build.0 = Debug|Any CPU
		{DFD99809-CCE9-419B-80CF-BE3A376C3622}.Release|Any CPU.ActiveCfg = Release|Any CPU
		{DFD99809-CCE9-419B-80CF-BE3A376C3622}.Release|Any CPU.Build.0 = Release|Any CPU
		{8F6133EE-0235-4EF6-8710-3FE4F53B9CD1}.Debug|Any CPU.ActiveCfg = Debug|Any CPU
		{8F6133EE-0235-4EF6-8710-3FE4F53B9CD1}.Debug|Any CPU.Build.0 = Debug|Any CPU
		{8F6133EE-0235-4EF6-8710-3FE4F53B9CD1}.Release|Any CPU.ActiveCfg = Release|Any CPU
		{8F6133EE-0235-4EF6-8710-3FE4F53B9CD1}.Release|Any CPU.Build.0 = Release|Any CPU
		{293692BC-6F81-4070-AF07-2134AEB37BB8}.Debug|Any CPU.ActiveCfg = Debug|Any CPU
		{293692BC-6F81-4070-AF07-2134AEB37BB8}.Debug|Any CPU.Build.0 = Debug|Any CPU
		{293692BC-6F81-4070-AF07-2134AEB37BB8}.Release|Any CPU.ActiveCfg = Release|Any CPU
		{293692BC-6F81-4070-AF07-2134AEB37BB8}.Release|Any CPU.Build.0 = Release|Any CPU
	EndGlobalSection
	GlobalSection(SolutionProperties) = preSolution
		HideSolutionNode = FALSE
	EndGlobalSection
	GlobalSection(ExtensibilityGlobals) = postSolution
		SolutionGuid = {C97BD75A-FDA8-4A8C-921B-47108EC0D959}
	EndGlobalSection
EndGlobal
